
Microsoft Visual Studio Solution File, Format Version 12.00
# Visual Studio 14
VisualStudioVersion = 14.0.25420.1
MinimumVisualStudioVersion = 10.0.40219.1
Project("{FAE04EC0-301F-11D3-BF4B-00C04F79EFBC}") = "UseOnlineTradingSystem", "UseOnlineTradingSystem\UseOnlineTradingSystem.csproj", "{218E2328-4307-4195-B560-4C14725B762A}"
EndProject
Global
	GlobalSection(SolutionConfigurationPlatforms) = preSolution
		Debug|Any CPU = Debug|Any CPU
		Release|Any CPU = Release|Any CPU
	EndGlobalSection
	GlobalSection(ProjectConfigurationPlatforms) = postSolution
		{218E2328-4307-4195-B560-4C14725B762A}.Debug|Any CPU.ActiveCfg = Debug|Any CPU
		{218E2328-4307-4195-B560-4C14725B762A}.Debug|Any CPU.Build.0 = Debug|Any CPU
		{218E2328-4307-4195-B560-4C14725B762A}.Release|Any CPU.ActiveCfg = Release|Any CPU
		{218E2328-4307-4195-B560-4C14725B762A}.Release|Any CPU.Build.0 = Release|Any CPU
	EndGlobalSection
	GlobalSection(SolutionProperties) = preSolution
		HideSolutionNode = FALSE
	EndGlobalSection
	GlobalSection(TeamFoundationVersionControl) = preSolution
		SccNumberOfProjects = 2
		SccEnterpriseProvider = {4CA58AB2-18FA-4F8D-95D4-32DDF27D184C}
		SccTeamFoundationServer = http://172.16.88.11:8080/tfs/defaultcollection
		SccLocalPath0 = .
		SccProjectUniqueName1 = UseOnlineTradingSystem\\UseOnlineTradingSystem.csproj
		SccProjectName1 = UseOnlineTradingSystem
		SccLocalPath1 = UseOnlineTradingSystem
	EndGlobalSection
EndGlobal
